
Microsoft Visual Studio Solution File, Format Version 12.00
# Visual Studio 15
Project("{FAE04EC0-301F-11D3-BF4B-00C04F79EFBC}") = "lab_2", "lab_2\lab_2.csproj", "{A95E2778-02E7-4E99-A352-CE3F232A36FC}"
EndProject
Global
	GlobalSection(SolutionConfigurationPlatforms) = preSolution
		Debug|anycpu = Debug|anycpu
		Release|anycpu = Release|anycpu
	EndGlobalSection
	GlobalSection(ProjectConfigurationPlatforms) = postSolution
		{A95E2778-02E7-4E99-A352-CE3F232A36FC}.Debug|anycpu.ActiveCfg = Debug|anycpu
		{A95E2778-02E7-4E99-A352-CE3F232A36FC}.Debug|anycpu.Build.0 = Debug|anycpu
		{A95E2778-02E7-4E99-A352-CE3F232A36FC}.Release|anycpu.ActiveCfg = Release|anycpu
		{A95E2778-02E7-4E99-A352-CE3F232A36FC}.Release|anycpu.Build.0 = Release|anycpu
	EndGlobalSection
EndGlobal
