
Microsoft Visual Studio Solution File, Format Version 12.00
# Visual Studio 15
Project("{FAE04EC0-301F-11D3-BF4B-00C04F79EFBC}") = "lb8_1", "lb8_1\lb8_1.csproj", "{EB0BFC76-D87C-4D55-8179-2FA2802A9C84}"
EndProject
Global
	GlobalSection(SolutionConfigurationPlatforms) = preSolution
		Debug|anycpu = Debug|anycpu
		Release|anycpu = Release|anycpu
	EndGlobalSection
	GlobalSection(ProjectConfigurationPlatforms) = postSolution
		{EB0BFC76-D87C-4D55-8179-2FA2802A9C84}.Debug|anycpu.ActiveCfg = Debug|anycpu
		{EB0BFC76-D87C-4D55-8179-2FA2802A9C84}.Debug|anycpu.Build.0 = Debug|anycpu
		{EB0BFC76-D87C-4D55-8179-2FA2802A9C84}.Release|anycpu.ActiveCfg = Release|anycpu
		{EB0BFC76-D87C-4D55-8179-2FA2802A9C84}.Release|anycpu.Build.0 = Release|anycpu
	EndGlobalSection
EndGlobal
