
Microsoft Visual Studio Solution File, Format Version 12.00
# Visual Studio Version 16
VisualStudioVersion = 16.0.31105.61
MinimumVisualStudioVersion = 10.0.40219.1
Project("{FAE04EC0-301F-11D3-BF4B-00C04F79EFBC}") = "WinKate", "WinKate\WinKate.csproj", "{D9BCC6DF-6F36-4029-A332-5C61C7870F53}"
EndProject
Global
	GlobalSection(SolutionConfigurationPlatforms) = preSolution
		Debug|Any CPU = Debug|Any CPU
		Release|Any CPU = Release|Any CPU
	EndGlobalSection
	GlobalSection(ProjectConfigurationPlatforms) = postSolution
		{D9BCC6DF-6F36-4029-A332-5C61C7870F53}.Debug|Any CPU.ActiveCfg = Debug|Any CPU
		{D9BCC6DF-6F36-4029-A332-5C61C7870F53}.Debug|Any CPU.Build.0 = Debug|Any CPU
		{D9BCC6DF-6F36-4029-A332-5C61C7870F53}.Release|Any CPU.ActiveCfg = Release|Any CPU
		{D9BCC6DF-6F36-4029-A332-5C61C7870F53}.Release|Any CPU.Build.0 = Release|Any CPU
	EndGlobalSection
	GlobalSection(SolutionProperties) = preSolution
		HideSolutionNode = FALSE
	EndGlobalSection
	GlobalSection(ExtensibilityGlobals) = postSolution
		SolutionGuid = {D926742C-7E28-4A72-AF04-9CE578AAABC0}
	EndGlobalSection
EndGlobal
