
Microsoft Visual Studio Solution File, Format Version 12.00
# Visual Studio 15
Project("{FAE04EC0-301F-11D3-BF4B-00C04F79EFBC}") = "lb_7", "lb_7\lb_7.csproj", "{EC3C691B-5874-4302-B7CB-7570A4F3D2C4}"
EndProject
Global
	GlobalSection(SolutionConfigurationPlatforms) = preSolution
		Debug|anycpu = Debug|anycpu
		Release|anycpu = Release|anycpu
	EndGlobalSection
	GlobalSection(ProjectConfigurationPlatforms) = postSolution
		{EC3C691B-5874-4302-B7CB-7570A4F3D2C4}.Debug|anycpu.ActiveCfg = Debug|anycpu
		{EC3C691B-5874-4302-B7CB-7570A4F3D2C4}.Debug|anycpu.Build.0 = Debug|anycpu
		{EC3C691B-5874-4302-B7CB-7570A4F3D2C4}.Release|anycpu.ActiveCfg = Release|anycpu
		{EC3C691B-5874-4302-B7CB-7570A4F3D2C4}.Release|anycpu.Build.0 = Release|anycpu
	EndGlobalSection
EndGlobal
