
Microsoft Visual Studio Solution File, Format Version 12.00
# Visual Studio Version 16
VisualStudioVersion = 16.0.29306.81
MinimumVisualStudioVersion = 10.0.40219.1
Project("{FAE04EC0-301F-11D3-BF4B-00C04F79EFBC}") = "Lab12WPF", "Lab12WPF.csproj", "{891B980E-5DC4-47C9-B4CC-4A214E64E098}"
EndProject
Global
	GlobalSection(SolutionConfigurationPlatforms) = preSolution
		Debug|Any CPU = Debug|Any CPU
		Release|Any CPU = Release|Any CPU
	EndGlobalSection
	GlobalSection(ProjectConfigurationPlatforms) = postSolution
		{891B980E-5DC4-47C9-B4CC-4A214E64E098}.Debug|Any CPU.ActiveCfg = Debug|Any CPU
		{891B980E-5DC4-47C9-B4CC-4A214E64E098}.Debug|Any CPU.Build.0 = Debug|Any CPU
		{891B980E-5DC4-47C9-B4CC-4A214E64E098}.Release|Any CPU.ActiveCfg = Release|Any CPU
		{891B980E-5DC4-47C9-B4CC-4A214E64E098}.Release|Any CPU.Build.0 = Release|Any CPU
	EndGlobalSection
	GlobalSection(SolutionProperties) = preSolution
		HideSolutionNode = FALSE
	EndGlobalSection
	GlobalSection(ExtensibilityGlobals) = postSolution
		SolutionGuid = {B1BC7487-F382-406E-83B4-05ABCB19357D}
	EndGlobalSection
EndGlobal
