
Microsoft Visual Studio Solution File, Format Version 12.00
# Visual Studio 15
Project("{FAE04EC0-301F-11D3-BF4B-00C04F79EFBC}") = "lab_1", "lab_1\lab_1.csproj", "{CA9D4043-041B-43EF-AAB8-B11DE6AE5381}"
EndProject
Global
	GlobalSection(SolutionConfigurationPlatforms) = preSolution
		Debug|anycpu = Debug|anycpu
		Release|anycpu = Release|anycpu
	EndGlobalSection
	GlobalSection(ProjectConfigurationPlatforms) = postSolution
		{CA9D4043-041B-43EF-AAB8-B11DE6AE5381}.Debug|anycpu.ActiveCfg = Debug|anycpu
		{CA9D4043-041B-43EF-AAB8-B11DE6AE5381}.Debug|anycpu.Build.0 = Debug|anycpu
		{CA9D4043-041B-43EF-AAB8-B11DE6AE5381}.Release|anycpu.ActiveCfg = Release|anycpu
		{CA9D4043-041B-43EF-AAB8-B11DE6AE5381}.Release|anycpu.Build.0 = Release|anycpu
	EndGlobalSection
EndGlobal
